Microsoft Visual Studio Solution File, Format Version 11.00
# Visual Studio 2008

Project("{3A2099CB-FC8A-A75C-9291-32EAA99EED15}") = "Cuddlefish", "Assembly-CSharp.csproj", "{8D5221D3-C5B1-7063-7CB4-B74E66B94AC3}"
EndProject
Global
	GlobalSection(SolutionConfigurationPlatforms) = preSolution
		Debug|Any CPU = Debug|Any CPU
		Release|Any CPU = Release|Any CPU
	EndGlobalSection
	GlobalSection(ProjectConfigurationPlatforms) = postSolution
		{8D5221D3-C5B1-7063-7CB4-B74E66B94AC3}.Debug|Any CPU.ActiveCfg = Debug|Any CPU
		{8D5221D3-C5B1-7063-7CB4-B74E66B94AC3}.Debug|Any CPU.Build.0 = Debug|Any CPU
		{8D5221D3-C5B1-7063-7CB4-B74E66B94AC3}.Release|Any CPU.ActiveCfg = Release|Any CPU
		{8D5221D3-C5B1-7063-7CB4-B74E66B94AC3}.Release|Any CPU.Build.0 = Release|Any CPU
	EndGlobalSection
	GlobalSection(SolutionProperties) = preSolution
		HideSolutionNode = FALSE
	EndGlobalSection
	GlobalSection(MonoDevelopProperties) = preSolution
		StartupItem = Assembly-CSharp.csproj
	EndGlobalSection
EndGlobal
